# This file is autogenerated, do not edit; changes may be undone by the next 'dep ensure'.


[[projects]]
  name = "github.com/gomicro/ledger"
  packages = ["."]
  revision = "a4b2abae8d06f0f87fd79dc9048f6b156345e727"
  version = "v0.0.4"

[[projects]]
  branch = "v2"
  name = "gopkg.in/yaml.v2"
  packages = ["."]
  revision = "287cf08546ab5e7e37d55a84f7ed3fd1db036de5"

[solve-meta]
  analyzer-name = "dep"
  analyzer-version = 1
  inputs-digest = "54062464fdc4cb0c81421064f455691d2de57709e9fd647fea407aade5dfb42d"
  solver-name = "gps-cdcl"
  solver-version = 1
